// !$*UTF8*$!
{
	archiveVersion = 1;
	classes = {
	};
	objectVersion = 56;
	objects = {

/* Begin PBXBuildFile section */
		A63184012AF9D7E40049D32E /* QFCodable.docc in Sources */ = {isa = PBXBuildFile; fileRef = A63184002AF9D7E40049D32E /* QFCodable.docc */; };
		A63184072AF9D7E50049D32E /* QFCodable.framework in Frameworks */ = {isa = PBXBuildFile; fileRef = A63183FC2AF9D7E40049D32E /* QFCodable.framework */; };
		A631840C2AF9D7E50049D32E /* QFCodableTests.swift in Sources */ = {isa = PBXBuildFile; fileRef = A631840B2AF9D7E50049D32E /* QFCodableTests.swift */; };
		A631840D2AF9D7E50049D32E /* QFCodable.h in Headers */ = {isa = PBXBuildFile; fileRef = A63183FF2AF9D7E40049D32E /* QFCodable.h */; settings = {ATTRIBUTES = (Public, ); }; };
		A631841D2AF9D81C0049D32E /* AppDelegate.swift in Sources */ = {isa = PBXBuildFile; fileRef = A631841C2AF9D81C0049D32E /* AppDelegate.swift */; };
		A631841F2AF9D81C0049D32E /* SceneDelegate.swift in Sources */ = {isa = PBXBuildFile; fileRef = A631841E2AF9D81C0049D32E /* SceneDelegate.swift */; };
		A63184212AF9D81C0049D32E /* ViewController.swift in Sources */ = {isa = PBXBuildFile; fileRef = A63184202AF9D81C0049D32E /* ViewController.swift */; };
		A63184242AF9D81C0049D32E /* Main.storyboard in Resources */ = {isa = PBXBuildFile; fileRef = A63184222AF9D81C0049D32E /* Main.storyboard */; };
		A63184262AF9D81E0049D32E /* Assets.xcassets in Resources */ = {isa = PBXBuildFile; fileRef = A63184252AF9D81E0049D32E /* Assets.xcassets */; };
		A63184292AF9D81E0049D32E /* LaunchScreen.storyboard in Resources */ = {isa = PBXBuildFile; fileRef = A63184272AF9D81E0049D32E /* LaunchScreen.storyboard */; };
		A6318C222AF9D9070049D32E /* QFJSONParser.swift in Sources */ = {isa = PBXBuildFile; fileRef = A6318C162AF9D9070049D32E /* QFJSONParser.swift */; };
		A6318C232AF9D9080049D32E /* DRReusableResponse.swift in Sources */ = {isa = PBXBuildFile; fileRef = A6318C182AF9D9070049D32E /* DRReusableResponse.swift */; };
		A6318C242AF9D9080049D32E /* QFJSONError.swift in Sources */ = {isa = PBXBuildFile; fileRef = A6318C192AF9D9070049D32E /* QFJSONError.swift */; };
		A6318C262AF9D9080049D32E /* Encodable+Json.swift in Sources */ = {isa = PBXBuildFile; fileRef = A6318C1B2AF9D9070049D32E /* Encodable+Json.swift */; };
		A6318C272AF9D9080049D32E /* QFCodable.swift in Sources */ = {isa = PBXBuildFile; fileRef = A6318C1C2AF9D9070049D32E /* QFCodable.swift */; };
		A6318C282AF9D9080049D32E /* QFJSONValue.swift in Sources */ = {isa = PBXBuildFile; fileRef = A6318C1D2AF9D9070049D32E /* QFJSONValue.swift */; };
		A6318C292AF9D9080049D32E /* QFJSONDecoder.swift in Sources */ = {isa = PBXBuildFile; fileRef = A6318C1E2AF9D9070049D32E /* QFJSONDecoder.swift */; };
		A6318C372AF9E0530049D32E /* example.json in Resources */ = {isa = PBXBuildFile; fileRef = A6318C2D2AF9E0530049D32E /* example.json */; };
		A6318C382AF9E0530049D32E /* GLOnMicUserInfo.swift in Sources */ = {isa = PBXBuildFile; fileRef = A6318C2F2AF9E0530049D32E /* GLOnMicUserInfo.swift */; };
		A6318C392AF9E0530049D32E /* GLChallengeAwardVOModel.swift in Sources */ = {isa = PBXBuildFile; fileRef = A6318C302AF9E0530049D32E /* GLChallengeAwardVOModel.swift */; };
		A6318C3B2AF9E0530049D32E /* GLLiveListResponse.swift in Sources */ = {isa = PBXBuildFile; fileRef = A6318C322AF9E0530049D32E /* GLLiveListResponse.swift */; };
		A6318C3C2AF9E0530049D32E /* GLLiveStreamInfo.swift in Sources */ = {isa = PBXBuildFile; fileRef = A6318C332AF9E0530049D32E /* GLLiveStreamInfo.swift */; };
		A6318C3D2AF9E0530049D32E /* GLBannerDataVOModel.swift in Sources */ = {isa = PBXBuildFile; fileRef = A6318C342AF9E0530049D32E /* GLBannerDataVOModel.swift */; };
		A6318C3F2AF9E0530049D32E /* GLAnchorDataVOModel.swift in Sources */ = {isa = PBXBuildFile; fileRef = A6318C362AF9E0530049D32E /* GLAnchorDataVOModel.swift */; };
		A6318C402AFA0BF20049D32E /* example.json in Resources */ = {isa = PBXBuildFile; fileRef = A6318C2D2AF9E0530049D32E /* example.json */; };
		A6318C422AFA0C4E0049D32E /* GLOnMicUserInfo.swift in Sources */ = {isa = PBXBuildFile; fileRef = A6318C2F2AF9E0530049D32E /* GLOnMicUserInfo.swift */; };
		A6318C432AFA0C520049D32E /* GLChallengeAwardVOModel.swift in Sources */ = {isa = PBXBuildFile; fileRef = A6318C302AF9E0530049D32E /* GLChallengeAwardVOModel.swift */; };
		A6318C442AFA0C550049D32E /* GLLiveListResponse.swift in Sources */ = {isa = PBXBuildFile; fileRef = A6318C322AF9E0530049D32E /* GLLiveListResponse.swift */; };
		A6318C452AFA0C580049D32E /* GLLiveStreamInfo.swift in Sources */ = {isa = PBXBuildFile; fileRef = A6318C332AF9E0530049D32E /* GLLiveStreamInfo.swift */; };
		A6318C462AFA0C5B0049D32E /* GLBannerDataVOModel.swift in Sources */ = {isa = PBXBuildFile; fileRef = A6318C342AF9E0530049D32E /* GLBannerDataVOModel.swift */; };
		A6318C472AFA0C5F0049D32E /* GLAnchorDataVOModel.swift in Sources */ = {isa = PBXBuildFile; fileRef = A6318C362AF9E0530049D32E /* GLAnchorDataVOModel.swift */; };
		A6318C492AFA0EA00049D32E /* QFCodable.framework in Frameworks */ = {isa = PBXBuildFile; fileRef = A63183FC2AF9D7E40049D32E /* QFCodable.framework */; };
		A6318C4A2AFA0EA00049D32E /* QFCodable.framework in Embed Frameworks */ = {isa = PBXBuildFile; fileRef = A63183FC2AF9D7E40049D32E /* QFCodable.framework */; settings = {ATTRIBUTES = (CodeSignOnCopy, RemoveHeadersOnCopy, ); }; };
/* End PBXBuildFile section */

/* Begin PBXContainerItemProxy section */
		A63184082AF9D7E50049D32E /* PBXContainerItemProxy */ = {
			isa = PBXContainerItemProxy;
			containerPortal = A63183F32AF9D7E40049D32E /* Project object */;
			proxyType = 1;
			remoteGlobalIDString = A63183FB2AF9D7E40049D32E;
			remoteInfo = QFCodable;
		};
		A6318C4B2AFA0EA00049D32E /* PBXContainerItemProxy */ = {
			isa = PBXContainerItemProxy;
			containerPortal = A63183F32AF9D7E40049D32E /* Project object */;
			proxyType = 1;
			remoteGlobalIDString = A63183FB2AF9D7E40049D32E;
			remoteInfo = QFCodable;
		};
/* End PBXContainerItemProxy section */

/* Begin PBXCopyFilesBuildPhase section */
		A6318C4D2AFA0EA00049D32E /* Embed Frameworks */ = {
			isa = PBXCopyFilesBuildPhase;
			buildActionMask = 2147483647;
			dstPath = "";
			dstSubfolderSpec = 10;
			files = (
				A6318C4A2AFA0EA00049D32E /* QFCodable.framework in Embed Frameworks */,
			);
			name = "Embed Frameworks";
			runOnlyForDeploymentPostprocessing = 0;
		};
/* End PBXCopyFilesBuildPhase section */

/* Begin PBXFileReference section */
		A63183FC2AF9D7E40049D32E /* QFCodable.framework */ = {isa = PBXFileReference; explicitFileType = wrapper.framework; includeInIndex = 0; path = QFCodable.framework; sourceTree = BUILT_PRODUCTS_DIR; };
		A63183FF2AF9D7E40049D32E /* QFCodable.h */ = {isa = PBXFileReference; lastKnownFileType = sourcecode.c.h; path = QFCodable.h; sourceTree = "<group>"; };
		A63184002AF9D7E40049D32E /* QFCodable.docc */ = {isa = PBXFileReference; lastKnownFileType = folder.documentationcatalog; path = QFCodable.docc; sourceTree = "<group>"; };
		A63184062AF9D7E50049D32E /* QFCodableTests.xctest */ = {isa = PBXFileReference; explicitFileType = wrapper.cfbundle; includeInIndex = 0; path = QFCodableTests.xctest; sourceTree = BUILT_PRODUCTS_DIR; };
		A631840B2AF9D7E50049D32E /* QFCodableTests.swift */ = {isa = PBXFileReference; lastKnownFileType = sourcecode.swift; path = QFCodableTests.swift; sourceTree = "<group>"; };
		A631841A2AF9D81C0049D32E /* QFCodableDemo.app */ = {isa = PBXFileReference; explicitFileType = wrapper.application; includeInIndex = 0; path = QFCodableDemo.app; sourceTree = BUILT_PRODUCTS_DIR; };
		A631841C2AF9D81C0049D32E /* AppDelegate.swift */ = {isa = PBXFileReference; lastKnownFileType = sourcecode.swift; path = AppDelegate.swift; sourceTree = "<group>"; };
		A631841E2AF9D81C0049D32E /* SceneDelegate.swift */ = {isa = PBXFileReference; lastKnownFileType = sourcecode.swift; path = SceneDelegate.swift; sourceTree = "<group>"; };
		A63184202AF9D81C0049D32E /* ViewController.swift */ = {isa = PBXFileReference; lastKnownFileType = sourcecode.swift; path = ViewController.swift; sourceTree = "<group>"; };
		A63184232AF9D81C0049D32E /* Base */ = {isa = PBXFileReference; lastKnownFileType = file.storyboard; name = Base; path = Base.lproj/Main.storyboard; sourceTree = "<group>"; };
		A63184252AF9D81E0049D32E /* Assets.xcassets */ = {isa = PBXFileReference; lastKnownFileType = folder.assetcatalog; path = Assets.xcassets; sourceTree = "<group>"; };
		A63184282AF9D81E0049D32E /* Base */ = {isa = PBXFileReference; lastKnownFileType = file.storyboard; name = Base; path = Base.lproj/LaunchScreen.storyboard; sourceTree = "<group>"; };
		A631842A2AF9D81E0049D32E /* Info.plist */ = {isa = PBXFileReference; lastKnownFileType = text.plist.xml; path = Info.plist; sourceTree = "<group>"; };
		A63184332AF9D81F0049D32E /* QFCodableDemoTests.swift */ = {isa = PBXFileReference; lastKnownFileType = sourcecode.swift; path = QFCodableDemoTests.swift; sourceTree = "<group>"; };
		A631843D2AF9D81F0049D32E /* QFCodableDemoUITests.swift */ = {isa = PBXFileReference; lastKnownFileType = sourcecode.swift; path = QFCodableDemoUITests.swift; sourceTree = "<group>"; };
		A631843F2AF9D81F0049D32E /* QFCodableDemoUITestsLaunchTests.swift */ = {isa = PBXFileReference; lastKnownFileType = sourcecode.swift; path = QFCodableDemoUITestsLaunchTests.swift; sourceTree = "<group>"; };
		A6318C162AF9D9070049D32E /* QFJSONParser.swift */ = {isa = PBXFileReference; fileEncoding = 4; lastKnownFileType = sourcecode.swift; path = QFJSONParser.swift; sourceTree = "<group>"; };
		A6318C182AF9D9070049D32E /* DRReusableResponse.swift */ = {isa = PBXFileReference; fileEncoding = 4; lastKnownFileType = sourcecode.swift; path = DRReusableResponse.swift; sourceTree = "<group>"; };
		A6318C192AF9D9070049D32E /* QFJSONError.swift */ = {isa = PBXFileReference; fileEncoding = 4; lastKnownFileType = sourcecode.swift; path = QFJSONError.swift; sourceTree = "<group>"; };
		A6318C1B2AF9D9070049D32E /* Encodable+Json.swift */ = {isa = PBXFileReference; fileEncoding = 4; lastKnownFileType = sourcecode.swift; path = "Encodable+Json.swift"; sourceTree = "<group>"; };
		A6318C1C2AF9D9070049D32E /* QFCodable.swift */ = {isa = PBXFileReference; fileEncoding = 4; lastKnownFileType = sourcecode.swift; path = QFCodable.swift; sourceTree = "<group>"; };
		A6318C1D2AF9D9070049D32E /* QFJSONValue.swift */ = {isa = PBXFileReference; fileEncoding = 4; lastKnownFileType = sourcecode.swift; path = QFJSONValue.swift; sourceTree = "<group>"; };
		A6318C1E2AF9D9070049D32E /* QFJSONDecoder.swift */ = {isa = PBXFileReference; fileEncoding = 4; lastKnownFileType = sourcecode.swift; path = QFJSONDecoder.swift; sourceTree = "<group>"; };
		A6318C2D2AF9E0530049D32E /* example.json */ = {isa = PBXFileReference; fileEncoding = 4; lastKnownFileType = text.json; path = example.json; sourceTree = "<group>"; };
		A6318C2F2AF9E0530049D32E /* GLOnMicUserInfo.swift */ = {isa = PBXFileReference; fileEncoding = 4; lastKnownFileType = sourcecode.swift; path = GLOnMicUserInfo.swift; sourceTree = "<group>"; };
		A6318C302AF9E0530049D32E /* GLChallengeAwardVOModel.swift */ = {isa = PBXFileReference; fileEncoding = 4; lastKnownFileType = sourcecode.swift; path = GLChallengeAwardVOModel.swift; sourceTree = "<group>"; };
		A6318C322AF9E0530049D32E /* GLLiveListResponse.swift */ = {isa = PBXFileReference; fileEncoding = 4; lastKnownFileType = sourcecode.swift; path = GLLiveListResponse.swift; sourceTree = "<group>"; };
		A6318C332AF9E0530049D32E /* GLLiveStreamInfo.swift */ = {isa = PBXFileReference; fileEncoding = 4; lastKnownFileType = sourcecode.swift; path = GLLiveStreamInfo.swift; sourceTree = "<group>"; };
		A6318C342AF9E0530049D32E /* GLBannerDataVOModel.swift */ = {isa = PBXFileReference; fileEncoding = 4; lastKnownFileType = sourcecode.swift; path = GLBannerDataVOModel.swift; sourceTree = "<group>"; };
		A6318C362AF9E0530049D32E /* GLAnchorDataVOModel.swift */ = {isa = PBXFileReference; fileEncoding = 4; lastKnownFileType = sourcecode.swift; path = GLAnchorDataVOModel.swift; sourceTree = "<group>"; };
/* End PBXFileReference section */

/* Begin PBXFrameworksBuildPhase section */
		A63183F92AF9D7E40049D32E /* Frameworks */ = {
			isa = PBXFrameworksBuildPhase;
			buildActionMask = 2147483647;
			files = (
			);
			runOnlyForDeploymentPostprocessing = 0;
		};
		A63184032AF9D7E50049D32E /* Frameworks */ = {
			isa = PBXFrameworksBuildPhase;
			buildActionMask = 2147483647;
			files = (
				A63184072AF9D7E50049D32E /* QFCodable.framework in Frameworks */,
			);
			runOnlyForDeploymentPostprocessing = 0;
		};
		A63184172AF9D81C0049D32E /* Frameworks */ = {
			isa = PBXFrameworksBuildPhase;
			buildActionMask = 2147483647;
			files = (
				A6318C492AFA0EA00049D32E /* QFCodable.framework in Frameworks */,
			);
			runOnlyForDeploymentPostprocessing = 0;
		};
/* End PBXFrameworksBuildPhase section */

/* Begin PBXGroup section */
		A63183F22AF9D7E40049D32E = {
			isa = PBXGroup;
			children = (
				A63183FE2AF9D7E40049D32E /* QFCodable */,
				A631840A2AF9D7E50049D32E /* QFCodableTests */,
				A631841B2AF9D81C0049D32E /* QFCodableDemo */,
				A63184322AF9D81F0049D32E /* QFCodableDemoTests */,
				A631843C2AF9D81F0049D32E /* QFCodableDemoUITests */,
				A63183FD2AF9D7E40049D32E /* Products */,
				A6318C482AFA0EA00049D32E /* Frameworks */,
			);
			sourceTree = "<group>";
		};
		A63183FD2AF9D7E40049D32E /* Products */ = {
			isa = PBXGroup;
			children = (
				A63183FC2AF9D7E40049D32E /* QFCodable.framework */,
				A63184062AF9D7E50049D32E /* QFCodableTests.xctest */,
				A631841A2AF9D81C0049D32E /* QFCodableDemo.app */,
			);
			name = Products;
			sourceTree = "<group>";
		};
		A63183FE2AF9D7E40049D32E /* QFCodable */ = {
			isa = PBXGroup;
			children = (
				A631844A2AF9D8470049D32E /* Source */,
				A63183FF2AF9D7E40049D32E /* QFCodable.h */,
				A63184002AF9D7E40049D32E /* QFCodable.docc */,
			);
			path = QFCodable;
			sourceTree = "<group>";
		};
		A631840A2AF9D7E50049D32E /* QFCodableTests */ = {
			isa = PBXGroup;
			children = (
				A6318C2C2AF9E0530049D32E /* Json */,
				A6318C2E2AF9E0530049D32E /* Model */,
				A631840B2AF9D7E50049D32E /* QFCodableTests.swift */,
			);
			path = QFCodableTests;
			sourceTree = "<group>";
		};
		A631841B2AF9D81C0049D32E /* QFCodableDemo */ = {
			isa = PBXGroup;
			children = (
				A631841C2AF9D81C0049D32E /* AppDelegate.swift */,
				A631841E2AF9D81C0049D32E /* SceneDelegate.swift */,
				A63184202AF9D81C0049D32E /* ViewController.swift */,
				A63184222AF9D81C0049D32E /* Main.storyboard */,
				A63184252AF9D81E0049D32E /* Assets.xcassets */,
				A63184272AF9D81E0049D32E /* LaunchScreen.storyboard */,
				A631842A2AF9D81E0049D32E /* Info.plist */,
			);
			path = QFCodableDemo;
			sourceTree = "<group>";
		};
		A63184322AF9D81F0049D32E /* QFCodableDemoTests */ = {
			isa = PBXGroup;
			children = (
				A63184332AF9D81F0049D32E /* QFCodableDemoTests.swift */,
			);
			path = QFCodableDemoTests;
			sourceTree = "<group>";
		};
		A631843C2AF9D81F0049D32E /* QFCodableDemoUITests */ = {
			isa = PBXGroup;
			children = (
				A631843D2AF9D81F0049D32E /* QFCodableDemoUITests.swift */,
				A631843F2AF9D81F0049D32E /* QFCodableDemoUITestsLaunchTests.swift */,
			);
			path = QFCodableDemoUITests;
			sourceTree = "<group>";
		};
		A631844A2AF9D8470049D32E /* Source */ = {
			isa = PBXGroup;
			children = (
				A6318C1B2AF9D9070049D32E /* Encodable+Json.swift */,
				A6318C1C2AF9D9070049D32E /* QFCodable.swift */,
				A6318C1E2AF9D9070049D32E /* QFJSONDecoder.swift */,
				A6318C192AF9D9070049D32E /* QFJSONError.swift */,
				A6318C162AF9D9070049D32E /* QFJSONParser.swift */,
				A6318C1D2AF9D9070049D32E /* QFJSONValue.swift */,
				A6318C172AF9D9070049D32E /* ReusableResponse */,
			);
			path = Source;
			sourceTree = "<group>";
		};
		A6318C172AF9D9070049D32E /* ReusableResponse */ = {
			isa = PBXGroup;
			children = (
				A6318C182AF9D9070049D32E /* DRReusableResponse.swift */,
			);
			path = ReusableResponse;
			sourceTree = "<group>";
		};
		A6318C2C2AF9E0530049D32E /* Json */ = {
			isa = PBXGroup;
			children = (
				A6318C2D2AF9E0530049D32E /* example.json */,
			);
			path = Json;
			sourceTree = "<group>";
		};
		A6318C2E2AF9E0530049D32E /* Model */ = {
			isa = PBXGroup;
			children = (
				A6318C2F2AF9E0530049D32E /* GLOnMicUserInfo.swift */,
				A6318C302AF9E0530049D32E /* GLChallengeAwardVOModel.swift */,
				A6318C322AF9E0530049D32E /* GLLiveListResponse.swift */,
				A6318C332AF9E0530049D32E /* GLLiveStreamInfo.swift */,
				A6318C342AF9E0530049D32E /* GLBannerDataVOModel.swift */,
				A6318C362AF9E0530049D32E /* GLAnchorDataVOModel.swift */,
			);
			path = Model;
			sourceTree = "<group>";
		};
		A6318C482AFA0EA00049D32E /* Frameworks */ = {
			isa = PBXGroup;
			children = (
			);
			name = Frameworks;
			sourceTree = "<group>";
		};
/* End PBXGroup section */

/* Begin PBXHeadersBuildPhase section */
		A63183F72AF9D7E40049D32E /* Headers */ = {
			isa = PBXHeadersBuildPhase;
			buildActionMask = 2147483647;
			files = (
				A631840D2AF9D7E50049D32E /* QFCodable.h in Headers */,
			);
			runOnlyForDeploymentPostprocessing = 0;
		};
/* End PBXHeadersBuildPhase section */

/* Begin PBXNativeTarget section */
		A63183FB2AF9D7E40049D32E /* QFCodable */ = {
			isa = PBXNativeTarget;
			buildConfigurationList = A63184102AF9D7E50049D32E /* Build configuration list for PBXNativeTarget "QFCodable" */;
			buildPhases = (
				A63183F72AF9D7E40049D32E /* Headers */,
				A63183F82AF9D7E40049D32E /* Sources */,
				A63183F92AF9D7E40049D32E /* Frameworks */,
				A63183FA2AF9D7E40049D32E /* Resources */,
			);
			buildRules = (
			);
			dependencies = (
			);
			name = QFCodable;
			productName = QFCodable;
			productReference = A63183FC2AF9D7E40049D32E /* QFCodable.framework */;
			productType = "com.apple.product-type.framework";
		};
		A63184052AF9D7E50049D32E /* QFCodableTests */ = {
			isa = PBXNativeTarget;
			buildConfigurationList = A63184132AF9D7E50049D32E /* Build configuration list for PBXNativeTarget "QFCodableTests" */;
			buildPhases = (
				A63184022AF9D7E50049D32E /* Sources */,
				A63184032AF9D7E50049D32E /* Frameworks */,
				A63184042AF9D7E50049D32E /* Resources */,
			);
			buildRules = (
			);
			dependencies = (
				A63184092AF9D7E50049D32E /* PBXTargetDependency */,
			);
			name = QFCodableTests;
			productName = QFCodableTests;
			productReference = A63184062AF9D7E50049D32E /* QFCodableTests.xctest */;
			productType = "com.apple.product-type.bundle.unit-test";
		};
		A63184192AF9D81C0049D32E /* QFCodableDemo */ = {
			isa = PBXNativeTarget;
			buildConfigurationList = A63184412AF9D81F0049D32E /* Build configuration list for PBXNativeTarget "QFCodableDemo" */;
			buildPhases = (
				A63184162AF9D81C0049D32E /* Sources */,
				A63184172AF9D81C0049D32E /* Frameworks */,
				A63184182AF9D81C0049D32E /* Resources */,
				A6318C4D2AFA0EA00049D32E /* Embed Frameworks */,
			);
			buildRules = (
			);
			dependencies = (
				A6318C4C2AFA0EA00049D32E /* PBXTargetDependency */,
			);
			name = QFCodableDemo;
			productName = QFCodableDemo;
			productReference = A631841A2AF9D81C0049D32E /* QFCodableDemo.app */;
			productType = "com.apple.product-type.application";
		};
/* End PBXNativeTarget section */

/* Begin PBXProject section */
		A63183F32AF9D7E40049D32E /* Project object */ = {
			isa = PBXProject;
			attributes = {
				BuildIndependentTargetsInParallel = 1;
				LastSwiftUpdateCheck = 1500;
				LastUpgradeCheck = 1500;
				TargetAttributes = {
					A63183FB2AF9D7E40049D32E = {
						CreatedOnToolsVersion = 15.0;
					};
					A63184052AF9D7E50049D32E = {
						CreatedOnToolsVersion = 15.0;
					};
					A63184192AF9D81C0049D32E = {
						CreatedOnToolsVersion = 15.0;
					};
				};
			};
			buildConfigurationList = A63183F62AF9D7E40049D32E /* Build configuration list for PBXProject "QFCodable" */;
			compatibilityVersion = "Xcode 14.0";
			developmentRegion = en;
			hasScannedForEncodings = 0;
			knownRegions = (
				en,
				Base,
			);
			mainGroup = A63183F22AF9D7E40049D32E;
			productRefGroup = A63183FD2AF9D7E40049D32E /* Products */;
			projectDirPath = "";
			projectRoot = "";
			targets = (
				A63183FB2AF9D7E40049D32E /* QFCodable */,
				A63184052AF9D7E50049D32E /* QFCodableTests */,
				A63184192AF9D81C0049D32E /* QFCodableDemo */,
			);
		};
/* End PBXProject section */

/* Begin PBXResourcesBuildPhase section */
		A63183FA2AF9D7E40049D32E /* Resources */ = {
			isa = PBXResourcesBuildPhase;
			buildActionMask = 2147483647;
			files = (
			);
			runOnlyForDeploymentPostprocessing = 0;
		};
		A63184042AF9D7E50049D32E /* Resources */ = {
			isa = PBXResourcesBuildPhase;
			buildActionMask = 2147483647;
			files = (
				A6318C372AF9E0530049D32E /* example.json in Resources */,
			);
			runOnlyForDeploymentPostprocessing = 0;
		};
		A63184182AF9D81C0049D32E /* Resources */ = {
			isa = PBXResourcesBuildPhase;
			buildActionMask = 2147483647;
			files = (
				A6318C402AFA0BF20049D32E /* example.json in Resources */,
				A63184292AF9D81E0049D32E /* LaunchScreen.storyboard in Resources */,
				A63184262AF9D81E0049D32E /* Assets.xcassets in Resources */,
				A63184242AF9D81C0049D32E /* Main.storyboard in Resources */,
			);
			runOnlyForDeploymentPostprocessing = 0;
		};
/* End PBXResourcesBuildPhase section */

/* Begin PBXSourcesBuildPhase section */
		A63183F82AF9D7E40049D32E /* Sources */ = {
			isa = PBXSourcesBuildPhase;
			buildActionMask = 2147483647;
			files = (
				A6318C232AF9D9080049D32E /* DRReusableResponse.swift in Sources */,
				A6318C262AF9D9080049D32E /* Encodable+Json.swift in Sources */,
				A6318C282AF9D9080049D32E /* QFJSONValue.swift in Sources */,
				A6318C272AF9D9080049D32E /* QFCodable.swift in Sources */,
				A6318C292AF9D9080049D32E /* QFJSONDecoder.swift in Sources */,
				A63184012AF9D7E40049D32E /* QFCodable.docc in Sources */,
				A6318C222AF9D9070049D32E /* QFJSONParser.swift in Sources */,
				A6318C242AF9D9080049D32E /* QFJSONError.swift in Sources */,
			);
			runOnlyForDeploymentPostprocessing = 0;
		};
		A63184022AF9D7E50049D32E /* Sources */ = {
			isa = PBXSourcesBuildPhase;
			buildActionMask = 2147483647;
			files = (
				A6318C392AF9E0530049D32E /* GLChallengeAwardVOModel.swift in Sources */,
				A6318C3C2AF9E0530049D32E /* GLLiveStreamInfo.swift in Sources */,
				A6318C3B2AF9E0530049D32E /* GLLiveListResponse.swift in Sources */,
				A6318C382AF9E0530049D32E /* GLOnMicUserInfo.swift in Sources */,
				A6318C3D2AF9E0530049D32E /* GLBannerDataVOModel.swift in Sources */,
				A631840C2AF9D7E50049D32E /* QFCodableTests.swift in Sources */,
				A6318C3F2AF9E0530049D32E /* GLAnchorDataVOModel.swift in Sources */,
			);
			runOnlyForDeploymentPostprocessing = 0;
		};
		A63184162AF9D81C0049D32E /* Sources */ = {
			isa = PBXSourcesBuildPhase;
			buildActionMask = 2147483647;
			files = (
				A6318C432AFA0C520049D32E /* GLChallengeAwardVOModel.swift in Sources */,
				A6318C422AFA0C4E0049D32E /* GLOnMicUserInfo.swift in Sources */,
				A63184212AF9D81C0049D32E /* ViewController.swift in Sources */,
				A631841D2AF9D81C0049D32E /* AppDelegate.swift in Sources */,
				A6318C452AFA0C580049D32E /* GLLiveStreamInfo.swift in Sources */,
				A6318C462AFA0C5B0049D32E /* GLBannerDataVOModel.swift in Sources */,
				A631841F2AF9D81C0049D32E /* SceneDelegate.swift in Sources */,
				A6318C442AFA0C550049D32E /* GLLiveListResponse.swift in Sources */,
				A6318C472AFA0C5F0049D32E /* GLAnchorDataVOModel.swift in Sources */,
			);
			runOnlyForDeploymentPostprocessing = 0;
		};
/* End PBXSourcesBuildPhase section */

/* Begin PBXTargetDependency section */
		A63184092AF9D7E50049D32E /* PBXTargetDependency */ = {
			isa = PBXTargetDependency;
			target = A63183FB2AF9D7E40049D32E /* QFCodable */;
			targetProxy = A63184082AF9D7E50049D32E /* PBXContainerItemProxy */;
		};
		A6318C4C2AFA0EA00049D32E /* PBXTargetDependency */ = {
			isa = PBXTargetDependency;
			target = A63183FB2AF9D7E40049D32E /* QFCodable */;
			targetProxy = A6318C4B2AFA0EA00049D32E /* PBXContainerItemProxy */;
		};
/* End PBXTargetDependency section */

/* Begin PBXVariantGroup section */
		A63184222AF9D81C0049D32E /* Main.storyboard */ = {
			isa = PBXVariantGroup;
			children = (
				A63184232AF9D81C0049D32E /* Base */,
			);
			name = Main.storyboard;
			sourceTree = "<group>";
		};
		A63184272AF9D81E0049D32E /* LaunchScreen.storyboard */ = {
			isa = PBXVariantGroup;
			children = (
				A63184282AF9D81E0049D32E /* Base */,
			);
			name = LaunchScreen.storyboard;
			sourceTree = "<group>";
		};
/* End PBXVariantGroup section */

/* Begin XCBuildConfiguration section */
		A631840E2AF9D7E50049D32E /* Debug */ = {
			isa = XCBuildConfiguration;
			buildSettings = {
				ALWAYS_SEARCH_USER_PATHS = NO;
				ASSETCATALOG_COMPILER_GENERATE_SWIFT_ASSET_SYMBOL_EXTENSIONS = YES;
				CLANG_ANALYZER_NONNULL = YES;
				CLANG_ANALYZER_NUMBER_OBJECT_CONVERSION = YES_AGGRESSIVE;
				CLANG_CXX_LANGUAGE_STANDARD = "gnu++20";
				CLANG_ENABLE_MODULES = YES;
				CLANG_ENABLE_OBJC_ARC = YES;
				CLANG_ENABLE_OBJC_WEAK = YES;
				CLANG_WARN_BLOCK_CAPTURE_AUTORELEASING = YES;
				CLANG_WARN_BOOL_CONVERSION = YES;
				CLANG_WARN_COMMA = YES;
				CLANG_WARN_CONSTANT_CONVERSION = YES;
				CLANG_WARN_DEPRECATED_OBJC_IMPLEMENTATIONS = YES;
				CLANG_WARN_DIRECT_OBJC_ISA_USAGE = YES_ERROR;
				CLANG_WARN_DOCUMENTATION_COMMENTS = YES;
				CLANG_WARN_EMPTY_BODY = YES;
				CLANG_WARN_ENUM_CONVERSION = YES;
				CLANG_WARN_INFINITE_RECURSION = YES;
				CLANG_WARN_INT_CONVERSION = YES;
				CLANG_WARN_NON_LITERAL_NULL_CONVERSION = YES;
				CLANG_WARN_OBJC_IMPLICIT_RETAIN_SELF = YES;
				CLANG_WARN_OBJC_LITERAL_CONVERSION = YES;
				CLANG_WARN_OBJC_ROOT_CLASS = YES_ERROR;
				CLANG_WARN_QUOTED_INCLUDE_IN_FRAMEWORK_HEADER = YES;
				CLANG_WARN_RANGE_LOOP_ANALYSIS = YES;
				CLANG_WARN_STRICT_PROTOTYPES = YES;
				CLANG_WARN_SUSPICIOUS_MOVE = YES;
				CLANG_WARN_UNGUARDED_AVAILABILITY = YES_AGGRESSIVE;
				CLANG_WARN_UNREACHABLE_CODE = YES;
				CLANG_WARN__DUPLICATE_METHOD_MATCH = YES;
				COPY_PHASE_STRIP = NO;
				CURRENT_PROJECT_VERSION = 1;
				DEBUG_INFORMATION_FORMAT = dwarf;
				ENABLE_STRICT_OBJC_MSGSEND = YES;
				ENABLE_TESTABILITY = YES;
				ENABLE_USER_SCRIPT_SANDBOXING = YES;
				GCC_C_LANGUAGE_STANDARD = gnu17;
				GCC_DYNAMIC_NO_PIC = NO;
				GCC_NO_COMMON_BLOCKS = YES;
				GCC_OPTIMIZATION_LEVEL = 0;
				GCC_PREPROCESSOR_DEFINITIONS = (
					"DEBUG=1",
					"$(inherited)",
				);
				GCC_WARN_64_TO_32_BIT_CONVERSION = YES;
				GCC_WARN_ABOUT_RETURN_TYPE = YES_ERROR;
				GCC_WARN_UNDECLARED_SELECTOR = YES;
				GCC_WARN_UNINITIALIZED_AUTOS = YES_AGGRESSIVE;
				GCC_WARN_UNUSED_FUNCTION = YES;
				GCC_WARN_UNUSED_VARIABLE = YES;
				IPHONEOS_DEPLOYMENT_TARGET = 17.0;
				LOCALIZATION_PREFERS_STRING_CATALOGS = YES;
				MTL_ENABLE_DEBUG_INFO = INCLUDE_SOURCE;
				MTL_FAST_MATH = YES;
				ONLY_ACTIVE_ARCH = YES;
				SDKROOT = iphoneos;
				SWIFT_ACTIVE_COMPILATION_CONDITIONS = "DEBUG $(inherited)";
				SWIFT_OPTIMIZATION_LEVEL = "-Onone";
				VERSIONING_SYSTEM = "apple-generic";
				VERSION_INFO_PREFIX = "";
			};
			name = Debug;
		};
		A631840F2AF9D7E50049D32E /* Release */ = {
			isa = XCBuildConfiguration;
			buildSettings = {
				ALWAYS_SEARCH_USER_PATHS = NO;
				ASSETCATALOG_COMPILER_GENERATE_SWIFT_ASSET_SYMBOL_EXTENSIONS = YES;
				CLANG_ANALYZER_NONNULL = YES;
				CLANG_ANALYZER_NUMBER_OBJECT_CONVERSION = YES_AGGRESSIVE;
				CLANG_CXX_LANGUAGE_STANDARD = "gnu++20";
				CLANG_ENABLE_MODULES = YES;
				CLANG_ENABLE_OBJC_ARC = YES;
				CLANG_ENABLE_OBJC_WEAK = YES;
				CLANG_WARN_BLOCK_CAPTURE_AUTORELEASING = YES;
				CLANG_WARN_BOOL_CONVERSION = YES;
				CLANG_WARN_COMMA = YES;
				CLANG_WARN_CONSTANT_CONVERSION = YES;
				CLANG_WARN_DEPRECATED_OBJC_IMPLEMENTATIONS = YES;
				CLANG_WARN_DIRECT_OBJC_ISA_USAGE = YES_ERROR;
				CLANG_WARN_DOCUMENTATION_COMMENTS = YES;
				CLANG_WARN_EMPTY_BODY = YES;
				CLANG_WARN_ENUM_CONVERSION = YES;
				CLANG_WARN_INFINITE_RECURSION = YES;
				CLANG_WARN_INT_CONVERSION = YES;
				CLANG_WARN_NON_LITERAL_NULL_CONVERSION = YES;
				CLANG_WARN_OBJC_IMPLICIT_RETAIN_SELF = YES;
				CLANG_WARN_OBJC_LITERAL_CONVERSION = YES;
				CLANG_WARN_OBJC_ROOT_CLASS = YES_ERROR;
				CLANG_WARN_QUOTED_INCLUDE_IN_FRAMEWORK_HEADER = YES;
				CLANG_WARN_RANGE_LOOP_ANALYSIS = YES;
				CLANG_WARN_STRICT_PROTOTYPES = YES;
				CLANG_WARN_SUSPICIOUS_MOVE = YES;
				CLANG_WARN_UNGUARDED_AVAILABILITY = YES_AGGRESSIVE;
				CLANG_WARN_UNREACHABLE_CODE = YES;
				CLANG_WARN__DUPLICATE_METHOD_MATCH = YES;
				COPY_PHASE_STRIP = NO;
				CURRENT_PROJECT_VERSION = 1;
				DEBUG_INFORMATION_FORMAT = "dwarf-with-dsym";
				ENABLE_NS_ASSERTIONS = NO;
				ENABLE_STRICT_OBJC_MSGSEND = YES;
				ENABLE_USER_SCRIPT_SANDBOXING = YES;
				GCC_C_LANGUAGE_STANDARD = gnu17;
				GCC_NO_COMMON_BLOCKS = YES;
				GCC_WARN_64_TO_32_BIT_CONVERSION = YES;
				GCC_WARN_ABOUT_RETURN_TYPE = YES_ERROR;
				GCC_WARN_UNDECLARED_SELECTOR = YES;
				GCC_WARN_UNINITIALIZED_AUTOS = YES_AGGRESSIVE;
				GCC_WARN_UNUSED_FUNCTION = YES;
				GCC_WARN_UNUSED_VARIABLE = YES;
				IPHONEOS_DEPLOYMENT_TARGET = 17.0;
				LOCALIZATION_PREFERS_STRING_CATALOGS = YES;
				MTL_ENABLE_DEBUG_INFO = NO;
				MTL_FAST_MATH = YES;
				SDKROOT = iphoneos;
				SWIFT_COMPILATION_MODE = wholemodule;
				VALIDATE_PRODUCT = YES;
				VERSIONING_SYSTEM = "apple-generic";
				VERSION_INFO_PREFIX = "";
			};
			name = Release;
		};
		A63184112AF9D7E50049D32E /* Debug */ = {
			isa = XCBuildConfiguration;
			buildSettings = {
				CODE_SIGN_STYLE = Automatic;
				CURRENT_PROJECT_VERSION = 1;
				DEFINES_MODULE = YES;
				DEVELOPMENT_TEAM = 823N2N48CG;
				DYLIB_COMPATIBILITY_VERSION = 1;
				DYLIB_CURRENT_VERSION = 1;
				DYLIB_INSTALL_NAME_BASE = "@rpath";
				ENABLE_MODULE_VERIFIER = YES;
				GENERATE_INFOPLIST_FILE = YES;
				INFOPLIST_KEY_NSHumanReadableCopyright = "";
				INSTALL_PATH = "$(LOCAL_LIBRARY_DIR)/Frameworks";
				IPHONEOS_DEPLOYMENT_TARGET = 12.0;
				LD_RUNPATH_SEARCH_PATHS = (
					"$(inherited)",
					"@executable_path/Frameworks",
					"@loader_path/Frameworks",
				);
				MARKETING_VERSION = 1.0;
				MODULE_VERIFIER_SUPPORTED_LANGUAGES = "objective-c objective-c++";
				MODULE_VERIFIER_SUPPORTED_LANGUAGE_STANDARDS = "gnu17 gnu++20";
				PRODUCT_BUNDLE_IDENTIFIER = com.qiufeng.QFCodable;
				PRODUCT_NAME = "$(TARGET_NAME:c99extidentifier)";
				SKIP_INSTALL = YES;
				SWIFT_EMIT_LOC_STRINGS = YES;
				SWIFT_VERSION = 5.0;
				TARGETED_DEVICE_FAMILY = "1,2";
			};
			name = Debug;
		};
		A63184122AF9D7E50049D32E /* Release */ = {
			isa = XCBuildConfiguration;
			buildSettings = {
				CODE_SIGN_STYLE = Automatic;
				CURRENT_PROJECT_VERSION = 1;
				DEFINES_MODULE = YES;
				DEVELOPMENT_TEAM = 823N2N48CG;
				DYLIB_COMPATIBILITY_VERSION = 1;
				DYLIB_CURRENT_VERSION = 1;
				DYLIB_INSTALL_NAME_BASE = "@rpath";
				ENABLE_MODULE_VERIFIER = YES;
				GENERATE_INFOPLIST_FILE = YES;
				INFOPLIST_KEY_NSHumanReadableCopyright = "";
				INSTALL_PATH = "$(LOCAL_LIBRARY_DIR)/Frameworks";
				IPHONEOS_DEPLOYMENT_TARGET = 12.0;
				LD_RUNPATH_SEARCH_PATHS = (
					"$(inherited)",
					"@executable_path/Frameworks",
					"@loader_path/Frameworks",
				);
				MARKETING_VERSION = 1.0;
				MODULE_VERIFIER_SUPPORTED_LANGUAGES = "objective-c objective-c++";
				MODULE_VERIFIER_SUPPORTED_LANGUAGE_STANDARDS = "gnu17 gnu++20";
				PRODUCT_BUNDLE_IDENTIFIER = com.qiufeng.QFCodable;
				PRODUCT_NAME = "$(TARGET_NAME:c99extidentifier)";
				SKIP_INSTALL = YES;
				SWIFT_EMIT_LOC_STRINGS = YES;
				SWIFT_VERSION = 5.0;
				TARGETED_DEVICE_FAMILY = "1,2";
			};
			name = Release;
		};
		A63184142AF9D7E50049D32E /* Debug */ = {
			isa = XCBuildConfiguration;
			buildSettings = {
				ALWAYS_EMBED_SWIFT_STANDARD_LIBRARIES = YES;
				CODE_SIGN_STYLE = Automatic;
				CURRENT_PROJECT_VERSION = 1;
				DEVELOPMENT_TEAM = 823N2N48CG;
				GENERATE_INFOPLIST_FILE = YES;
				IPHONEOS_DEPLOYMENT_TARGET = 12.0;
				MARKETING_VERSION = 1.0;
				PRODUCT_BUNDLE_IDENTIFIER = com.qiufeng.QFCodableTests;
				PRODUCT_NAME = "$(TARGET_NAME)";
				SWIFT_EMIT_LOC_STRINGS = NO;
				SWIFT_VERSION = 5.0;
				TARGETED_DEVICE_FAMILY = "1,2";
			};
			name = Debug;
		};
		A63184152AF9D7E50049D32E /* Release */ = {
			isa = XCBuildConfiguration;
			buildSettings = {
				ALWAYS_EMBED_SWIFT_STANDARD_LIBRARIES = YES;
				CODE_SIGN_STYLE = Automatic;
				CURRENT_PROJECT_VERSION = 1;
				DEVELOPMENT_TEAM = 823N2N48CG;
				GENERATE_INFOPLIST_FILE = YES;
				IPHONEOS_DEPLOYMENT_TARGET = 12.0;
				MARKETING_VERSION = 1.0;
				PRODUCT_BUNDLE_IDENTIFIER = com.qiufeng.QFCodableTests;
				PRODUCT_NAME = "$(TARGET_NAME)";
				SWIFT_EMIT_LOC_STRINGS = NO;
				SWIFT_VERSION = 5.0;
				TARGETED_DEVICE_FAMILY = "1,2";
			};
			name = Release;
		};
		A63184422AF9D81F0049D32E /* Debug */ = {
			isa = XCBuildConfiguration;
			buildSettings = {
				ASSETCATALOG_COMPILER_APPICON_NAME = AppIcon;
				ASSETCATALOG_COMPILER_GLOBAL_ACCENT_COLOR_NAME = AccentColor;
				CODE_SIGN_STYLE = Automatic;
				CURRENT_PROJECT_VERSION = 1;
				DEVELOPMENT_TEAM = 823N2N48CG;
				GENERATE_INFOPLIST_FILE = YES;
				INFOPLIST_FILE = QFCodableDemo/Info.plist;
				INFOPLIST_KEY_UIApplicationSupportsIndirectInputEvents = YES;
				INFOPLIST_KEY_UILaunchStoryboardName = LaunchScreen;
				INFOPLIST_KEY_UIMainStoryboardFile = Main;
				INFOPLIST_KEY_UISupportedInterfaceOrientations_iPad = "UIInterfaceOrientationPortrait UIInterfaceOrientationPortraitUpsideDown UIInterfaceOrientationLandscapeLeft UIInterfaceOrientationLandscapeRight";
				INFOPLIST_KEY_UISupportedInterfaceOrientations_iPhone = "UIInterfaceOrientationPortrait UIInterfaceOrientationLandscapeLeft UIInterfaceOrientationLandscapeRight";
				IPHONEOS_DEPLOYMENT_TARGET = 13.0;
				LD_RUNPATH_SEARCH_PATHS = (
					"$(inherited)",
					"@executable_path/Frameworks",
				);
				MARKETING_VERSION = 1.0;
				PRODUCT_BUNDLE_IDENTIFIER = com.qiufeng.QFCodableDemo;
				PRODUCT_NAME = "$(TARGET_NAME)";
				SWIFT_EMIT_LOC_STRINGS = YES;
				SWIFT_VERSION = 5.0;
				TARGETED_DEVICE_FAMILY = "1,2";
			};
			name = Debug;
		};
		A63184432AF9D81F0049D32E /* Release */ = {
			isa = XCBuildConfiguration;
			buildSettings = {
				ASSETCATALOG_COMPILER_APPICON_NAME = AppIcon;
				ASSETCATALOG_COMPILER_GLOBAL_ACCENT_COLOR_NAME = AccentColor;
				CODE_SIGN_STYLE = Automatic;
				CURRENT_PROJECT_VERSION = 1;
				DEVELOPMENT_TEAM = 823N2N48CG;
				GENERATE_INFOPLIST_FILE = YES;
				INFOPLIST_FILE = QFCodableDemo/Info.plist;
				INFOPLIST_KEY_UIApplicationSupportsIndirectInputEvents = YES;
				INFOPLIST_KEY_UILaunchStoryboardName = LaunchScreen;
				INFOPLIST_KEY_UIMainStoryboardFile = Main;
				INFOPLIST_KEY_UISupportedInterfaceOrientations_iPad = "UIInterfaceOrientationPortrait UIInterfaceOrientationPortraitUpsideDown UIInterfaceOrientationLandscapeLeft UIInterfaceOrientationLandscapeRight";
				INFOPLIST_KEY_UISupportedInterfaceOrientations_iPhone = "UIInterfaceOrientationPortrait UIInterfaceOrientationLandscapeLeft UIInterfaceOrientationLandscapeRight";
				IPHONEOS_DEPLOYMENT_TARGET = 13.0;
				LD_RUNPATH_SEARCH_PATHS = (
					"$(inherited)",
					"@executable_path/Frameworks",
				);
				MARKETING_VERSION = 1.0;
				PRODUCT_BUNDLE_IDENTIFIER = com.qiufeng.QFCodableDemo;
				PRODUCT_NAME = "$(TARGET_NAME)";
				SWIFT_EMIT_LOC_STRINGS = YES;
				SWIFT_VERSION = 5.0;
				TARGETED_DEVICE_FAMILY = "1,2";
			};
			name = Release;
		};
/* End XCBuildConfiguration section */

/* Begin XCConfigurationList section */
		A63183F62AF9D7E40049D32E /* Build configuration list for PBXProject "QFCodable" */ = {
			isa = XCConfigurationList;
			buildConfigurations = (
				A631840E2AF9D7E50049D32E /* Debug */,
				A631840F2AF9D7E50049D32E /* Release */,
			);
			defaultConfigurationIsVisible = 0;
			defaultConfigurationName = Release;
		};
		A63184102AF9D7E50049D32E /* Build configuration list for PBXNativeTarget "QFCodable" */ = {
			isa = XCConfigurationList;
			buildConfigurations = (
				A63184112AF9D7E50049D32E /* Debug */,
				A63184122AF9D7E50049D32E /* Release */,
			);
			defaultConfigurationIsVisible = 0;
			defaultConfigurationName = Release;
		};
		A63184132AF9D7E50049D32E /* Build configuration list for PBXNativeTarget "QFCodableTests" */ = {
			isa = XCConfigurationList;
			buildConfigurations = (
				A63184142AF9D7E50049D32E /* Debug */,
				A63184152AF9D7E50049D32E /* Release */,
			);
			defaultConfigurationIsVisible = 0;
			defaultConfigurationName = Release;
		};
		A63184412AF9D81F0049D32E /* Build configuration list for PBXNativeTarget "QFCodableDemo" */ = {
			isa = XCConfigurationList;
			buildConfigurations = (
				A63184422AF9D81F0049D32E /* Debug */,
				A63184432AF9D81F0049D32E /* Release */,
			);
			defaultConfigurationIsVisible = 0;
			defaultConfigurationName = Release;
		};
/* End XCConfigurationList section */
	};
	rootObject = A63183F32AF9D7E40049D32E /* Project object */;
}
